# @generated - this file is auto-generated by `mise lock` https://mise.en.dev/dev-tools/mise-lock.html

[[tools.flux2]]
version = "2.9.4"
backend = "aqua:fluxcd/flux2"

[tools.flux2."platforms.linux-arm64"]
checksum = "sha256:dcab945f8d8658662fa1db93e150a602ba1f91da367a82e099bd65595fc7c62c"
url = "https://github.com/fluxcd/flux2/releases/download/v2.9.4/flux_2.9.4_linux_arm64.tar.gz"
url_api = "https://api.github.com/repos/fluxcd/flux2/releases/assets/505259828"

[tools.flux2."platforms.linux-arm64".provenance.slsa]
url = "https://github.com/fluxcd/flux2/releases/download/v2.9.4/provenance.intoto.jsonl"

[tools.flux2."platforms.linux-arm64-musl"]
checksum = "sha256:dcab945f8d8658662fa1db93e150a602ba1f91da367a82e099bd65595fc7c62c"
url = "https://github.com/fluxcd/flux2/releases/download/v2.9.4/flux_2.9.4_linux_arm64.tar.gz"
url_api = "https://api.github.com/repos/fluxcd/flux2/releases/assets/505259828"

[tools.flux2."platforms.linux-arm64-musl".provenance.slsa]
url = "https://github.com/fluxcd/flux2/releases/download/v2.9.4/provenance.intoto.jsonl"

[tools.flux2."platforms.linux-x64"]
checksum = "sha256:c2c397a52930f52d2005c01d276116b059d062de379386d58e98115380a766a2"
url = "https://github.com/fluxcd/flux2/releases/download/v2.9.4/flux_2.9.4_linux_amd64.tar.gz"
url_api = "https://api.github.com/repos/fluxcd/flux2/releases/assets/505259827"

[tools.flux2."platforms.linux-x64".provenance.slsa]
url = "https://github.com/fluxcd/flux2/releases/download/v2.9.4/provenance.intoto.jsonl"

[tools.flux2."platforms.linux-x64-musl"]
checksum = "sha256:c2c397a52930f52d2005c01d276116b059d062de379386d58e98115380a766a2"
url = "https://github.com/fluxcd/flux2/releases/download/v2.9.4/flux_2.9.4_linux_amd64.tar.gz"
url_api = "https://api.github.com/repos/fluxcd/flux2/releases/assets/505259827"

[tools.flux2."platforms.linux-x64-musl".provenance.slsa]
url = "https://github.com/fluxcd/flux2/releases/download/v2.9.4/provenance.intoto.jsonl"

[tools.flux2."platforms.macos-arm64"]
checksum = "sha256:5350675411f1c8c20fb7fd827450933e939f7ab82a2cd92f8fa2abe497761911"
url = "https://github.com/fluxcd/flux2/releases/download/v2.9.4/flux_2.9.4_darwin_arm64.tar.gz"
url_api = "https://api.github.com/repos/fluxcd/flux2/releases/assets/505259822"

[tools.flux2."platforms.macos-arm64".provenance.slsa]
url = "https://github.com/fluxcd/flux2/releases/download/v2.9.4/provenance.intoto.jsonl"

[tools.flux2."platforms.macos-x64"]
checksum = "sha256:162e11dd0fd44d1d87f3b8308b74e8ef8fedd0a550b8501f0365f329efc476f8"
url = "https://github.com/fluxcd/flux2/releases/download/v2.9.4/flux_2.9.4_darwin_amd64.tar.gz"
url_api = "https://api.github.com/repos/fluxcd/flux2/releases/assets/505259836"

[tools.flux2."platforms.macos-x64".provenance.slsa]
url = "https://github.com/fluxcd/flux2/releases/download/v2.9.4/provenance.intoto.jsonl"

[tools.flux2."platforms.windows-x64"]
checksum = "sha256:524a148bdc77d6baa05fb22472e2ecf153f51c198ff299475a7245e4016b06c2"
url = "https://github.com/fluxcd/flux2/releases/download/v2.9.4/flux_2.9.4_windows_amd64.zip"
url_api = "https://api.github.com/repos/fluxcd/flux2/releases/assets/505259830"

[tools.flux2."platforms.windows-x64".provenance.slsa]
url = "https://github.com/fluxcd/flux2/releases/download/v2.9.4/provenance.intoto.jsonl"

[[tools.gh]]
version = "2.98.0"
backend = "aqua:cli/cli"

[tools.gh."platforms.linux-arm64"]
checksum = "sha256:cf689084f3a3618f7eae4a2420d335d74626d65f5e594b9828d125d69f800d86"
url = "https://github.com/cli/cli/releases/download/v2.98.0/gh_2.98.0_linux_arm64.tar.gz"
url_api = "https://api.github.com/repos/cli/cli/releases/assets/522857902"
provenance = "github-attestations"

[tools.gh."platforms.linux-arm64-musl"]
checksum = "sha256:cf689084f3a3618f7eae4a2420d335d74626d65f5e594b9828d125d69f800d86"
url = "https://github.com/cli/cli/releases/download/v2.98.0/gh_2.98.0_linux_arm64.tar.gz"
url_api = "https://api.github.com/repos/cli/cli/releases/assets/522857902"
provenance = "github-attestations"

[tools.gh."platforms.linux-x64"]
checksum = "sha256:3b8ac6b30336802fc1a858d7c084e11cdf24ac1a761ca90b68022d7d729208de"
url = "https://github.com/cli/cli/releases/download/v2.98.0/gh_2.98.0_linux_amd64.tar.gz"
url_api = "https://api.github.com/repos/cli/cli/releases/assets/522857901"
provenance = "github-attestations"

[tools.gh."platforms.linux-x64-musl"]
checksum = "sha256:3b8ac6b30336802fc1a858d7c084e11cdf24ac1a761ca90b68022d7d729208de"
url = "https://github.com/cli/cli/releases/download/v2.98.0/gh_2.98.0_linux_amd64.tar.gz"
url_api = "https://api.github.com/repos/cli/cli/releases/assets/522857901"
provenance = "github-attestations"

[tools.gh."platforms.macos-arm64"]
checksum = "sha256:8cfb027cc5310675f2b830eac8f9865c1155a45ffcf9757f699fdd5a22046ca4"
url = "https://github.com/cli/cli/releases/download/v2.98.0/gh_2.98.0_macOS_arm64.zip"
url_api = "https://api.github.com/repos/cli/cli/releases/assets/522857972"
provenance = "github-attestations"

[tools.gh."platforms.macos-x64"]
checksum = "sha256:734c7bbd0bc56a3974500ee9aea74d60f0e5b89be09e92b9d9148939a3a1e0e6"
url = "https://github.com/cli/cli/releases/download/v2.98.0/gh_2.98.0_macOS_amd64.zip"
url_api = "https://api.github.com/repos/cli/cli/releases/assets/522857971"
provenance = "github-attestations"

[tools.gh."platforms.windows-x64"]
checksum = "sha256:c28c7b3b584967a05b74d9eaf7481bff24ddc34930bf2d6e442c148236561eb1"
url = "https://github.com/cli/cli/releases/download/v2.98.0/gh_2.98.0_windows_amd64.zip"
url_api = "https://api.github.com/repos/cli/cli/releases/assets/522857996"
provenance = "github-attestations"

[[tools."github:home-operations/flate"]]
version = "0.4.12"
backend = "github:home-operations/flate"

[tools."github:home-operations/flate"."platforms.linux-arm64"]
checksum = "sha256:fd047cf122220ef6e798a6ad1d7c5307d183b981b36c5120141e945a1cd2b5aa"
url = "https://github.com/home-operations/flate/releases/download/v0.4.12/flate_0.4.12_linux_arm64.tar.gz"
url_api = "https://api.github.com/repos/home-operations/flate/releases/assets/483924709"

[tools."github:home-operations/flate"."platforms.linux-arm64-musl"]
checksum = "sha256:fd047cf122220ef6e798a6ad1d7c5307d183b981b36c5120141e945a1cd2b5aa"
url = "https://github.com/home-operations/flate/releases/download/v0.4.12/flate_0.4.12_linux_arm64.tar.gz"
url_api = "https://api.github.com/repos/home-operations/flate/releases/assets/483924709"

[tools."github:home-operations/flate"."platforms.linux-x64"]
checksum = "sha256:85e76d6a47f194efef89b1bf12ac108bfbce3e29fde893e8e76b977ab286c5ac"
url = "https://github.com/home-operations/flate/releases/download/v0.4.12/flate_0.4.12_linux_amd64.tar.gz"
url_api = "https://api.github.com/repos/home-operations/flate/releases/assets/483924707"

[tools."github:home-operations/flate"."platforms.linux-x64-musl"]
checksum = "sha256:85e76d6a47f194efef89b1bf12ac108bfbce3e29fde893e8e76b977ab286c5ac"
url = "https://github.com/home-operations/flate/releases/download/v0.4.12/flate_0.4.12_linux_amd64.tar.gz"
url_api = "https://api.github.com/repos/home-operations/flate/releases/assets/483924707"

[tools."github:home-operations/flate"."platforms.macos-arm64"]
checksum = "sha256:4de0259199b33dcfa36b435a5f00de405b7f81ef01576e68c07599dd651b0d85"
url = "https://github.com/home-operations/flate/releases/download/v0.4.12/flate_0.4.12_darwin_arm64.tar.gz"
url_api = "https://api.github.com/repos/home-operations/flate/releases/assets/483924706"

[tools."github:home-operations/flate"."platforms.macos-x64"]
checksum = "sha256:1627aa0bedb96ec6ff016429ee7c6fbeb4517e5c9d4adb734ebf2926245cf9b5"
url = "https://github.com/home-operations/flate/releases/download/v0.4.12/flate_0.4.12_darwin_amd64.tar.gz"
url_api = "https://api.github.com/repos/home-operations/flate/releases/assets/483924710"

[tools."github:home-operations/flate"."platforms.windows-x64"]
checksum = "sha256:71d6c4038c5dbc3322e436598af54d98dc924a72bcae631ff06f920ede862702"
url = "https://github.com/home-operations/flate/releases/download/v0.4.12/flate_0.4.12_windows_amd64.zip"
url_api = "https://api.github.com/repos/home-operations/flate/releases/assets/483924732"

[[tools.helm]]
version = "4.2.4"
backend = "aqua:helm/helm"

[tools.helm."platforms.linux-arm64"]
checksum = "sha256:564de2191b881e9f71b5606b25345821ea1682f06ab90499d3ab22b530176da1"
url = "https://get.helm.sh/helm-v4.2.4-linux-arm64.tar.gz"

[tools.helm."platforms.linux-arm64-musl"]
checksum = "sha256:564de2191b881e9f71b5606b25345821ea1682f06ab90499d3ab22b530176da1"
url = "https://get.helm.sh/helm-v4.2.4-linux-arm64.tar.gz"

[tools.helm."platforms.linux-x64"]
checksum = "sha256:c306b46f719b0a4da32d0f78ee21bf90ce8d602f15b22ab753f0674d1670a7f3"
url = "https://get.helm.sh/helm-v4.2.4-linux-amd64.tar.gz"

[tools.helm."platforms.linux-x64-musl"]
checksum = "sha256:c306b46f719b0a4da32d0f78ee21bf90ce8d602f15b22ab753f0674d1670a7f3"
url = "https://get.helm.sh/helm-v4.2.4-linux-amd64.tar.gz"

[tools.helm."platforms.macos-arm64"]
checksum = "sha256:d747eb4e28bd2727173d15b759fa0a17822291ec09db7ced3d55af290a3661a2"
url = "https://get.helm.sh/helm-v4.2.4-darwin-arm64.tar.gz"

[tools.helm."platforms.macos-x64"]
checksum = "sha256:6c163d687ca03c3b5c01928e53bbbcf9518278f47ce7a2f249a5a08e8bdaa2bc"
url = "https://get.helm.sh/helm-v4.2.4-darwin-amd64.tar.gz"

[tools.helm."platforms.windows-x64"]
checksum = "sha256:38cbdab1c7d4f0412d571c3aeefc700bcdc7b663be481832a11dfed01ee67c36"
url = "https://get.helm.sh/helm-v4.2.4-windows-amd64.tar.gz"

[[tools.jq]]
version = "1.8.2"
backend = "aqua:jqlang/jq"

[tools.jq."platforms.linux-arm64"]
checksum = "sha256:8b85c817833814ddca00a144c33705546355afccf0cf39b188f3cdb48b852309"
url = "https://github.com/jqlang/jq/releases/download/jq-1.8.2/jq-linux-arm64"
url_api = "https://api.github.com/repos/jqlang/jq/releases/assets/453012756"
provenance = "github-attestations"

[tools.jq."platforms.linux-arm64-musl"]
checksum = "sha256:8b85c817833814ddca00a144c33705546355afccf0cf39b188f3cdb48b852309"
url = "https://github.com/jqlang/jq/releases/download/jq-1.8.2/jq-linux-arm64"
url_api = "https://api.github.com/repos/jqlang/jq/releases/assets/453012756"
provenance = "github-attestations"

[tools.jq."platforms.linux-x64"]
checksum = "sha256:b1c22172dd303f3be49e935aa56aa48a8b7a46e0bc838b4997d3bb451495870f"
url = "https://github.com/jqlang/jq/releases/download/jq-1.8.2/jq-linux-amd64"
url_api = "https://api.github.com/repos/jqlang/jq/releases/assets/453012752"
provenance = "github-attestations"

[tools.jq."platforms.linux-x64-musl"]
checksum = "sha256:b1c22172dd303f3be49e935aa56aa48a8b7a46e0bc838b4997d3bb451495870f"
url = "https://github.com/jqlang/jq/releases/download/jq-1.8.2/jq-linux-amd64"
url_api = "https://api.github.com/repos/jqlang/jq/releases/assets/453012752"
provenance = "github-attestations"

[tools.jq."platforms.macos-arm64"]
checksum = "sha256:2d75340ba57a4b4b4c8708a21c2dc8e958a48aaa8bba13b27f77f6e4c0eca07e"
url = "https://github.com/jqlang/jq/releases/download/jq-1.8.2/jq-macos-arm64"
url_api = "https://api.github.com/repos/jqlang/jq/releases/assets/453012783"
provenance = "github-attestations"

[tools.jq."platforms.macos-x64"]
checksum = "sha256:e94b266e3c26690550006abe63152b782280f4e14374accdf04cbde844f00bc0"
url = "https://github.com/jqlang/jq/releases/download/jq-1.8.2/jq-macos-amd64"
url_api = "https://api.github.com/repos/jqlang/jq/releases/assets/453012782"
provenance = "github-attestations"

[tools.jq."platforms.windows-x64"]
checksum = "sha256:a6fc67fedaf9128a3309a1e2ebb8b986aeccf70122ee46d2cb4849e423f0c627"
url = "https://github.com/jqlang/jq/releases/download/jq-1.8.2/jq-windows-amd64.exe"
url_api = "https://api.github.com/repos/jqlang/jq/releases/assets/453012788"
provenance = "github-attestations"

[[tools.kubectl]]
version = "1.36.4"
backend = "aqua:kubernetes/kubernetes/kubectl"

[tools.kubectl."platforms.linux-arm64"]
checksum = "sha256:0ecf44450ee6063bf19dd166a103ee6df4a9034455c2abce626e6eea657d73fb"
url = "https://dl.k8s.io/v1.36.4/bin/linux/arm64/kubectl"

[tools.kubectl."platforms.linux-arm64-musl"]
checksum = "sha256:0ecf44450ee6063bf19dd166a103ee6df4a9034455c2abce626e6eea657d73fb"
url = "https://dl.k8s.io/v1.36.4/bin/linux/arm64/kubectl"

[tools.kubectl."platforms.linux-x64"]
checksum = "sha256:8b8f088da2dab964f853b38464033b1be15ede2839eca751482357c45abdd05a"
url = "https://dl.k8s.io/v1.36.4/bin/linux/amd64/kubectl"

[tools.kubectl."platforms.linux-x64-musl"]
checksum = "sha256:8b8f088da2dab964f853b38464033b1be15ede2839eca751482357c45abdd05a"
url = "https://dl.k8s.io/v1.36.4/bin/linux/amd64/kubectl"

[tools.kubectl."platforms.macos-arm64"]
checksum = "sha256:c9e4f713d6fee0043a3d835cca13077cda2bc0973840eb9779360df0b5bdfc69"
url = "https://dl.k8s.io/v1.36.4/bin/darwin/arm64/kubectl"

[tools.kubectl."platforms.macos-x64"]
checksum = "sha256:71a3aa7c2ee2c974d9fbb462cba0c5c04a4df2e8d85eee94714fd819ea3c4e63"
url = "https://dl.k8s.io/v1.36.4/bin/darwin/amd64/kubectl"

[tools.kubectl."platforms.windows-x64"]
checksum = "sha256:31947857be7583f3e4e6d889a3fb781ca813a45c20f11ccb3ef309714d01a9f3"
url = "https://dl.k8s.io/v1.36.4/bin/windows/amd64/kubectl.exe"

[[tools.kustomize]]
version = "5.8.1"
backend = "aqua:kubernetes-sigs/kustomize"

[tools.kustomize."platforms.linux-arm64"]
checksum = "sha256:0953ea3e476f66d6ddfcd911d750f5167b9365aa9491b2326398e289fef2c142"
url = "https://github.com/kubernetes-sigs/kustomize/releases/download/kustomize/v5.8.1/kustomize_v5.8.1_linux_arm64.tar.gz"
url_api = "https://api.github.com/repos/kubernetes-sigs/kustomize/releases/assets/353160971"

[tools.kustomize."platforms.linux-arm64-musl"]
checksum = "sha256:0953ea3e476f66d6ddfcd911d750f5167b9365aa9491b2326398e289fef2c142"
url = "https://github.com/kubernetes-sigs/kustomize/releases/download/kustomize/v5.8.1/kustomize_v5.8.1_linux_arm64.tar.gz"
url_api = "https://api.github.com/repos/kubernetes-sigs/kustomize/releases/assets/353160971"

[tools.kustomize."platforms.linux-x64"]
checksum = "sha256:029a7f0f4e1932c52a0476cf02a0fd855c0bb85694b82c338fc648dcb53a819d"
url = "https://github.com/kubernetes-sigs/kustomize/releases/download/kustomize/v5.8.1/kustomize_v5.8.1_linux_amd64.tar.gz"
url_api = "https://api.github.com/repos/kubernetes-sigs/kustomize/releases/assets/353160972"

[tools.kustomize."platforms.linux-x64-musl"]
checksum = "sha256:029a7f0f4e1932c52a0476cf02a0fd855c0bb85694b82c338fc648dcb53a819d"
url = "https://github.com/kubernetes-sigs/kustomize/releases/download/kustomize/v5.8.1/kustomize_v5.8.1_linux_amd64.tar.gz"
url_api = "https://api.github.com/repos/kubernetes-sigs/kustomize/releases/assets/353160972"

[tools.kustomize."platforms.macos-arm64"]
checksum = "sha256:8886f8a78474e608cc81234f729fda188a9767da23e28925802f00ece2bab288"
url = "https://github.com/kubernetes-sigs/kustomize/releases/download/kustomize/v5.8.1/kustomize_v5.8.1_darwin_arm64.tar.gz"
url_api = "https://api.github.com/repos/kubernetes-sigs/kustomize/releases/assets/353160975"

[tools.kustomize."platforms.macos-x64"]
checksum = "sha256:ee7cf0c1e3592aa7bb66ba82b359933a95e7f2e0b36e5f53ed0a4535b017f2f8"
url = "https://github.com/kubernetes-sigs/kustomize/releases/download/kustomize/v5.8.1/kustomize_v5.8.1_darwin_amd64.tar.gz"
url_api = "https://api.github.com/repos/kubernetes-sigs/kustomize/releases/assets/353160974"

[tools.kustomize."platforms.windows-x64"]
checksum = "sha256:8ec7f5e815e526d4622c06df0a7793d8cfb6eb1c74f816b46166097fef8b26c6"
url = "https://github.com/kubernetes-sigs/kustomize/releases/download/kustomize/v5.8.1/kustomize_v5.8.1_windows_amd64.zip"
url_api = "https://api.github.com/repos/kubernetes-sigs/kustomize/releases/assets/353160980"

[[tools.markdownlint-cli2]]
version = "0.23.2"
backend = "npm:markdownlint-cli2"

[[tools.opentofu]]
version = "1.12.6"
backend = "aqua:opentofu/opentofu"

[tools.opentofu."platforms.linux-arm64"]
checksum = "sha256:9bd0228a81bcd0c88f7045c74378f45a815779f19897191dff7d9efba9976b9e"
url = "https://github.com/opentofu/opentofu/releases/download/v1.12.6/tofu_1.12.6_linux_arm64.tar.gz"
url_api = "https://api.github.com/repos/opentofu/opentofu/releases/assets/520762688"

[tools.opentofu."platforms.linux-arm64-musl"]
checksum = "sha256:9bd0228a81bcd0c88f7045c74378f45a815779f19897191dff7d9efba9976b9e"
url = "https://github.com/opentofu/opentofu/releases/download/v1.12.6/tofu_1.12.6_linux_arm64.tar.gz"
url_api = "https://api.github.com/repos/opentofu/opentofu/releases/assets/520762688"

[tools.opentofu."platforms.linux-x64"]
checksum = "sha256:50a6106fa4de523d09c87af85f3db1dd47535fc005727fdca6852146476b88ec"
url = "https://github.com/opentofu/opentofu/releases/download/v1.12.6/tofu_1.12.6_linux_amd64.tar.gz"
url_api = "https://api.github.com/repos/opentofu/opentofu/releases/assets/520762723"

[tools.opentofu."platforms.linux-x64-musl"]
checksum = "sha256:50a6106fa4de523d09c87af85f3db1dd47535fc005727fdca6852146476b88ec"
url = "https://github.com/opentofu/opentofu/releases/download/v1.12.6/tofu_1.12.6_linux_amd64.tar.gz"
url_api = "https://api.github.com/repos/opentofu/opentofu/releases/assets/520762723"

[tools.opentofu."platforms.macos-arm64"]
checksum = "sha256:f958ec5e511063be9feb180ca015a4cb7977566a9cf6a8550bba8c2a9b5aba74"
url = "https://github.com/opentofu/opentofu/releases/download/v1.12.6/tofu_1.12.6_darwin_arm64.tar.gz"
url_api = "https://api.github.com/repos/opentofu/opentofu/releases/assets/520762710"

[tools.opentofu."platforms.macos-x64"]
checksum = "sha256:44bb1855f372f17f365fb94517906e78da5001da10f4c98de57a39bf982f3a92"
url = "https://github.com/opentofu/opentofu/releases/download/v1.12.6/tofu_1.12.6_darwin_amd64.tar.gz"
url_api = "https://api.github.com/repos/opentofu/opentofu/releases/assets/520762655"

[tools.opentofu."platforms.windows-x64"]
checksum = "sha256:bcbcd9ca744af6c4053e2d5e75dae79ff33ad7dc38d45e1233e693d096284538"
url = "https://github.com/opentofu/opentofu/releases/download/v1.12.6/tofu_1.12.6_windows_amd64.tar.gz"
url_api = "https://api.github.com/repos/opentofu/opentofu/releases/assets/520762708"

[[tools.pipx]]
version = "1.16.7"
backend = "aqua:pypa/pipx"

[tools.pipx."platforms.linux-arm64"]
checksum = "sha256:302633d0061e0ab4269257501cbe1338cde5f00f22f121543706624aada0145e"
url = "https://github.com/pypa/pipx/releases/download/1.16.7/pipx.pyz"
url_api = "https://api.github.com/repos/pypa/pipx/releases/assets/513588802"

[tools.pipx."platforms.linux-arm64-musl"]
checksum = "sha256:302633d0061e0ab4269257501cbe1338cde5f00f22f121543706624aada0145e"
url = "https://github.com/pypa/pipx/releases/download/1.16.7/pipx.pyz"
url_api = "https://api.github.com/repos/pypa/pipx/releases/assets/513588802"

[tools.pipx."platforms.linux-x64"]
checksum = "sha256:302633d0061e0ab4269257501cbe1338cde5f00f22f121543706624aada0145e"
url = "https://github.com/pypa/pipx/releases/download/1.16.7/pipx.pyz"
url_api = "https://api.github.com/repos/pypa/pipx/releases/assets/513588802"

[tools.pipx."platforms.linux-x64-musl"]
checksum = "sha256:302633d0061e0ab4269257501cbe1338cde5f00f22f121543706624aada0145e"
url = "https://github.com/pypa/pipx/releases/download/1.16.7/pipx.pyz"
url_api = "https://api.github.com/repos/pypa/pipx/releases/assets/513588802"

[tools.pipx."platforms.macos-arm64"]
checksum = "sha256:302633d0061e0ab4269257501cbe1338cde5f00f22f121543706624aada0145e"
url = "https://github.com/pypa/pipx/releases/download/1.16.7/pipx.pyz"
url_api = "https://api.github.com/repos/pypa/pipx/releases/assets/513588802"

[tools.pipx."platforms.macos-x64"]
checksum = "sha256:302633d0061e0ab4269257501cbe1338cde5f00f22f121543706624aada0145e"
url = "https://github.com/pypa/pipx/releases/download/1.16.7/pipx.pyz"
url_api = "https://api.github.com/repos/pypa/pipx/releases/assets/513588802"

[[tools."pipx:python-openstackclient"]]
version = "10.3.0"
backend = "pipx:python-openstackclient"

[[tools.python]]
version = "3.14.7"
backend = "core:python"

[tools.python."platforms.linux-arm64"]
checksum = "sha256:4dba8d7e06199f841a9d6b54e4eb58d446a5c20c65085a916190dd0162c6e93b"
url = "https://github.com/astral-sh/python-build-standalone/releases/download/20260807/cpython-3.14.7+20260807-aarch64-unknown-linux-gnu-install_only_stripped.tar.gz"
provenance = "github-attestations"

[tools.python."platforms.linux-arm64-musl"]
checksum = "sha256:10be7fe15ba5d1e5cfee1c2d8a9c720f29621b873e1f147f0b0a07f23de20d1a"
url = "https://github.com/astral-sh/python-build-standalone/releases/download/20260807/cpython-3.14.7+20260807-aarch64-unknown-linux-musl-install_only_stripped.tar.gz"
provenance = "github-attestations"

[tools.python."platforms.linux-x64"]
checksum = "sha256:a2478d654ed51d443bae21ec20ad927f116b4f5aae4094ab74918a6aa38f0575"
url = "https://github.com/astral-sh/python-build-standalone/releases/download/20260807/cpython-3.14.7+20260807-x86_64-unknown-linux-gnu-install_only_stripped.tar.gz"
provenance = "github-attestations"

[tools.python."platforms.linux-x64-musl"]
checksum = "sha256:1fe25b50644b50b3333afa0d4013cc9cbab4dde4284c0154aebef4f53523ed99"
url = "https://github.com/astral-sh/python-build-standalone/releases/download/20260807/cpython-3.14.7+20260807-x86_64-unknown-linux-musl-install_only_stripped.tar.gz"
provenance = "github-attestations"

[tools.python."platforms.macos-arm64"]
checksum = "sha256:532645be202d3df8510ab318ca5faed92060a694c8327144e14fa81f31af0f6d"
url = "https://github.com/astral-sh/python-build-standalone/releases/download/20260807/cpython-3.14.7+20260807-aarch64-apple-darwin-install_only_stripped.tar.gz"
provenance = "github-attestations"

[tools.python."platforms.macos-x64"]
checksum = "sha256:9964e2d618ebea03be8ea3e65ab0ecc0f2b030ce203345b8f92654641fd4de66"
url = "https://github.com/astral-sh/python-build-standalone/releases/download/20260807/cpython-3.14.7+20260807-x86_64-apple-darwin-install_only_stripped.tar.gz"
provenance = "github-attestations"

[tools.python."platforms.windows-x64"]
checksum = "sha256:840e368318d1630bd8efbd3f7de8fab32cb4bbd735baef733f9034f2676c6a92"
url = "https://github.com/astral-sh/python-build-standalone/releases/download/20260807/cpython-3.14.7+20260807-x86_64-pc-windows-msvc-install_only_stripped.tar.gz"
provenance = "github-attestations"

[[tools.sd]]
version = "1.1.0"
backend = "aqua:chmln/sd"

[tools.sd."platforms.linux-arm64"]
checksum = "sha256:ec8c93c0533ff21f4851d11566808d4082544baf063d9b96ea77c27e98b7cd99"
url = "https://github.com/chmln/sd/releases/download/v1.1.0/sd-v1.1.0-aarch64-unknown-linux-musl.tar.gz"
url_api = "https://api.github.com/repos/chmln/sd/releases/assets/362325535"

[tools.sd."platforms.linux-arm64-musl"]
checksum = "sha256:ec8c93c0533ff21f4851d11566808d4082544baf063d9b96ea77c27e98b7cd99"
url = "https://github.com/chmln/sd/releases/download/v1.1.0/sd-v1.1.0-aarch64-unknown-linux-musl.tar.gz"
url_api = "https://api.github.com/repos/chmln/sd/releases/assets/362325535"

[tools.sd."platforms.linux-x64"]
checksum = "sha256:02f00f4777d43e8e95b7b8d49e1a0d6e502fed4b8e79c1c8b8063857a30caa2e"
url = "https://github.com/chmln/sd/releases/download/v1.1.0/sd-v1.1.0-x86_64-unknown-linux-musl.tar.gz"
url_api = "https://api.github.com/repos/chmln/sd/releases/assets/362325321"

[tools.sd."platforms.linux-x64-musl"]
checksum = "sha256:02f00f4777d43e8e95b7b8d49e1a0d6e502fed4b8e79c1c8b8063857a30caa2e"
url = "https://github.com/chmln/sd/releases/download/v1.1.0/sd-v1.1.0-x86_64-unknown-linux-musl.tar.gz"
url_api = "https://api.github.com/repos/chmln/sd/releases/assets/362325321"

[tools.sd."platforms.macos-arm64"]
checksum = "sha256:4bd3c09226376ca0a1d69589c91e86276fae36c5fbaaee669afce583f6682030"
url = "https://github.com/chmln/sd/releases/download/v1.1.0/sd-v1.1.0-aarch64-apple-darwin.tar.gz"
url_api = "https://api.github.com/repos/chmln/sd/releases/assets/362325451"

[tools.sd."platforms.macos-x64"]
checksum = "sha256:1fca1e9c91813a8aac6821063c923107ba0f66a83309e095edcd3b202f67f97e"
url = "https://github.com/chmln/sd/releases/download/v1.1.0/sd-v1.1.0-x86_64-apple-darwin.tar.gz"
url_api = "https://api.github.com/repos/chmln/sd/releases/assets/362325430"

[tools.sd."platforms.windows-x64"]
checksum = "sha256:59837c2e7c911099aca1cc46b663bcdc5a949fd3e9fbbaf34fc73e5d5d71007c"
url = "https://github.com/chmln/sd/releases/download/v1.1.0/sd-v1.1.0-x86_64-pc-windows-msvc.zip"
url_api = "https://api.github.com/repos/chmln/sd/releases/assets/362325573"

[[tools.talosctl]]
version = "1.13.9"
backend = "aqua:siderolabs/talos"

[tools.talosctl."platforms.linux-arm64"]
checksum = "sha256:51caed158eda73d2888cbf2df2d67551f9c9f8229aa42d3725e481d073e76f0b"
url = "https://github.com/siderolabs/talos/releases/download/v1.13.9/talosctl-linux-arm64"
url_api = "https://api.github.com/repos/siderolabs/talos/releases/assets/520547649"
provenance = "cosign"

[tools.talosctl."platforms.linux-arm64-musl"]
checksum = "sha256:51caed158eda73d2888cbf2df2d67551f9c9f8229aa42d3725e481d073e76f0b"
url = "https://github.com/siderolabs/talos/releases/download/v1.13.9/talosctl-linux-arm64"
url_api = "https://api.github.com/repos/siderolabs/talos/releases/assets/520547649"
provenance = "cosign"

[tools.talosctl."platforms.linux-x64"]
checksum = "sha256:7e1d4b7d5846964bdcf63a794e3c8161bb6ef2983d5ace58ea5322f3bf32a27e"
url = "https://github.com/siderolabs/talos/releases/download/v1.13.9/talosctl-linux-amd64"
url_api = "https://api.github.com/repos/siderolabs/talos/releases/assets/520547641"
provenance = "cosign"

[tools.talosctl."platforms.linux-x64-musl"]
checksum = "sha256:7e1d4b7d5846964bdcf63a794e3c8161bb6ef2983d5ace58ea5322f3bf32a27e"
url = "https://github.com/siderolabs/talos/releases/download/v1.13.9/talosctl-linux-amd64"
url_api = "https://api.github.com/repos/siderolabs/talos/releases/assets/520547641"
provenance = "cosign"

[tools.talosctl."platforms.macos-arm64"]
checksum = "sha256:ab4c27a959ff6c52f62c6cc2af07b22ca86ed27f1a138ed57582fa67f7b50f98"
url = "https://github.com/siderolabs/talos/releases/download/v1.13.9/talosctl-darwin-arm64"
url_api = "https://api.github.com/repos/siderolabs/talos/releases/assets/520547612"
provenance = "cosign"

[tools.talosctl."platforms.macos-x64"]
checksum = "sha256:55902fec33e93d11b64e5e01ddd9dde7ae50679328b8f3556e6d86a51dbce866"
url = "https://github.com/siderolabs/talos/releases/download/v1.13.9/talosctl-darwin-amd64"
url_api = "https://api.github.com/repos/siderolabs/talos/releases/assets/520547607"
provenance = "cosign"

[tools.talosctl."platforms.windows-x64"]
checksum = "sha256:ae82483d1dd3a0bd879be5d204fb430ceb7688e8d3036d07a1783d31dec235f2"
url = "https://github.com/siderolabs/talos/releases/download/v1.13.9/talosctl-windows-amd64.exe"
url_api = "https://api.github.com/repos/siderolabs/talos/releases/assets/520547637"
provenance = "cosign"

[[tools.terragrunt]]
version = "1.1.3"
backend = "aqua:gruntwork-io/terragrunt"

[tools.terragrunt."platforms.linux-arm64"]
checksum = "sha256:bbcf007c097eb91874cb84bb3a641a00b2e3dcf909cb6c048e3b412f3cb14bc3"
url = "https://github.com/gruntwork-io/terragrunt/releases/download/v1.1.3/terragrunt_linux_arm64.tar.gz"
url_api = "https://api.github.com/repos/gruntwork-io/terragrunt/releases/assets/513102862"

[tools.terragrunt."platforms.linux-arm64-musl"]
checksum = "sha256:bbcf007c097eb91874cb84bb3a641a00b2e3dcf909cb6c048e3b412f3cb14bc3"
url = "https://github.com/gruntwork-io/terragrunt/releases/download/v1.1.3/terragrunt_linux_arm64.tar.gz"
url_api = "https://api.github.com/repos/gruntwork-io/terragrunt/releases/assets/513102862"

[tools.terragrunt."platforms.linux-x64"]
checksum = "sha256:889bbf000125f5683e9c1f72c7c8eaa6757b0faea2bb41a62087c2ccd72ca4fd"
url = "https://github.com/gruntwork-io/terragrunt/releases/download/v1.1.3/terragrunt_linux_amd64.tar.gz"
url_api = "https://api.github.com/repos/gruntwork-io/terragrunt/releases/assets/513102339"

[tools.terragrunt."platforms.linux-x64-musl"]
checksum = "sha256:889bbf000125f5683e9c1f72c7c8eaa6757b0faea2bb41a62087c2ccd72ca4fd"
url = "https://github.com/gruntwork-io/terragrunt/releases/download/v1.1.3/terragrunt_linux_amd64.tar.gz"
url_api = "https://api.github.com/repos/gruntwork-io/terragrunt/releases/assets/513102339"

[tools.terragrunt."platforms.macos-arm64"]
checksum = "sha256:1828a7e8b1f26157c275e1fd3d544af95581ee565dedaacb9b5c7a71d432e9ac"
url = "https://github.com/gruntwork-io/terragrunt/releases/download/v1.1.3/terragrunt_darwin_arm64.tar.gz"
url_api = "https://api.github.com/repos/gruntwork-io/terragrunt/releases/assets/513101608"

[tools.terragrunt."platforms.macos-x64"]
checksum = "sha256:013051adb8b000a38f994875b0f52102013095b33de24e0b7c70d9971ead644e"
url = "https://github.com/gruntwork-io/terragrunt/releases/download/v1.1.3/terragrunt_darwin_amd64.tar.gz"
url_api = "https://api.github.com/repos/gruntwork-io/terragrunt/releases/assets/513101178"

[tools.terragrunt."platforms.windows-x64"]
checksum = "sha256:9f85e6e453dad75f3e721f6b608462d5d6646a46f2c883a00668116242f66415"
url = "https://github.com/gruntwork-io/terragrunt/releases/download/v1.1.3/terragrunt_windows_amd64.exe.tar.gz"
url_api = "https://api.github.com/repos/gruntwork-io/terragrunt/releases/assets/513103273"

[[tools.uv]]
version = "0.12.6"
backend = "aqua:astral-sh/uv"

[tools.uv."platforms.linux-arm64"]
checksum = "sha256:d58030acd26159499ac82f32da12d1b3c12a3a1bfc414232d9082070c03e128d"
url = "https://github.com/astral-sh/uv/releases/download/0.12.6/uv-aarch64-unknown-linux-gnu.tar.gz"
url_api = "https://api.github.com/repos/astral-sh/uv/releases/assets/529690727"
provenance = "github-attestations"

[tools.uv."platforms.linux-arm64-musl"]
checksum = "sha256:3719891de9ab41c878a84331e55826d2a46421976a346a65326513a6795b089a"
url = "https://github.com/astral-sh/uv/releases/download/0.12.6/uv-aarch64-unknown-linux-musl.tar.gz"
url_api = "https://api.github.com/repos/astral-sh/uv/releases/assets/529690733"
provenance = "github-attestations"

[tools.uv."platforms.linux-x64"]
checksum = "sha256:8681d8921e7d520fb368991dcf5f9c1905b80f5bf2a265a0ed085c8d8e342477"
url = "https://github.com/astral-sh/uv/releases/download/0.12.6/uv-x86_64-unknown-linux-gnu.tar.gz"
url_api = "https://api.github.com/repos/astral-sh/uv/releases/assets/529690831"
provenance = "github-attestations"

[tools.uv."platforms.linux-x64-musl"]
checksum = "sha256:14e4172aace66a475062cebec7ca04f497d5619e95325dfcc9e4447b9c516846"
url = "https://github.com/astral-sh/uv/releases/download/0.12.6/uv-x86_64-unknown-linux-musl.tar.gz"
url_api = "https://api.github.com/repos/astral-sh/uv/releases/assets/529690844"
provenance = "github-attestations"

[tools.uv."platforms.macos-arm64"]
checksum = "sha256:14b459d51ea2e71eeba28c45a268c922bdf8607fc6455e3f40b4e082895d160d"
url = "https://github.com/astral-sh/uv/releases/download/0.12.6/uv-aarch64-apple-darwin.tar.gz"
url_api = "https://api.github.com/repos/astral-sh/uv/releases/assets/529690707"
provenance = "github-attestations"

[tools.uv."platforms.macos-x64"]
checksum = "sha256:2a26ea71bbeff1c7e12c2cc40245c96a041deff276bc921e7038e304d5d3e04c"
url = "https://github.com/astral-sh/uv/releases/download/0.12.6/uv-x86_64-apple-darwin.tar.gz"
url_api = "https://api.github.com/repos/astral-sh/uv/releases/assets/529690817"
provenance = "github-attestations"

[tools.uv."platforms.windows-x64"]
checksum = "sha256:df7cb9f243eae1621400d4fcf5b1b3d90f20e264ece91b64deb3b0078abca6ef"
url = "https://github.com/astral-sh/uv/releases/download/0.12.6/uv-x86_64-pc-windows-msvc.zip"
url_api = "https://api.github.com/repos/astral-sh/uv/releases/assets/529690826"
provenance = "github-attestations"

[[tools.yq]]
version = "4.53.6"
backend = "aqua:mikefarah/yq"

[tools.yq."platforms.linux-arm64"]
checksum = "sha256:88a1016bc1d657375a35864e4f44b6f333df8ff97b559f51bba0adcb2169df09"
url = "https://github.com/mikefarah/yq/releases/download/v4.53.6/yq_linux_arm64"
url_api = "https://api.github.com/repos/mikefarah/yq/releases/assets/522028007"
provenance = "cosign"

[tools.yq."platforms.linux-arm64-musl"]
checksum = "sha256:88a1016bc1d657375a35864e4f44b6f333df8ff97b559f51bba0adcb2169df09"
url = "https://github.com/mikefarah/yq/releases/download/v4.53.6/yq_linux_arm64"
url_api = "https://api.github.com/repos/mikefarah/yq/releases/assets/522028007"
provenance = "cosign"

[tools.yq."platforms.linux-x64"]
checksum = "sha256:c5f056448f973ae7d39b5401949648a78f2dc1947d6a8eb65be60d5c504b9385"
url = "https://github.com/mikefarah/yq/releases/download/v4.53.6/yq_linux_amd64"
url_api = "https://api.github.com/repos/mikefarah/yq/releases/assets/522028022"
provenance = "cosign"

[tools.yq."platforms.linux-x64-musl"]
checksum = "sha256:c5f056448f973ae7d39b5401949648a78f2dc1947d6a8eb65be60d5c504b9385"
url = "https://github.com/mikefarah/yq/releases/download/v4.53.6/yq_linux_amd64"
url_api = "https://api.github.com/repos/mikefarah/yq/releases/assets/522028022"
provenance = "cosign"

[tools.yq."platforms.macos-arm64"]
checksum = "sha256:cceb0b8d71ea5294334121f8429f33f92b920e7217d904a2f9f35443968ac424"
url = "https://github.com/mikefarah/yq/releases/download/v4.53.6/yq_darwin_arm64"
url_api = "https://api.github.com/repos/mikefarah/yq/releases/assets/522028033"
provenance = "cosign"

[tools.yq."platforms.macos-x64"]
checksum = "sha256:caa513cb04f3804b34d4752f0e0d7904fecb9e7cf1d34081289f83259319a7f6"
url = "https://github.com/mikefarah/yq/releases/download/v4.53.6/yq_darwin_amd64"
url_api = "https://api.github.com/repos/mikefarah/yq/releases/assets/522028031"
provenance = "cosign"

[tools.yq."platforms.windows-x64"]
checksum = "sha256:ece3dd8bb50d39f93610506273ea262feb91e5c486bbddbb10abf91b2a6c0f14"
url = "https://github.com/mikefarah/yq/releases/download/v4.53.6/yq_windows_amd64.exe"
url_api = "https://api.github.com/repos/mikefarah/yq/releases/assets/522027974"
provenance = "cosign"
